
Microsoft Visual Studio Solution File, Format Version 12.00
# Visual Studio Version 17
VisualStudioVersion = 17.8.34525.116
MinimumVisualStudioVersion = 10.0.40219.1
Project("{FAE04EC0-301F-11D3-BF4B-00C04F79EFBC}") = "Delegates", "Delegates.csproj", "{15E22753-BB64-4959-BAF9-56503F2DB031}"
EndProject
Global
	GlobalSection(SolutionConfigurationPlatforms) = preSolution
		Debug|Any CPU = Debug|Any CPU
		Release|Any CPU = Release|Any CPU
	EndGlobalSection
	GlobalSection(ProjectConfigurationPlatforms) = postSolution
		{15E22753-BB64-4959-BAF9-56503F2DB031}.Debug|Any CPU.ActiveCfg = Debug|Any CPU
		{15E22753-BB64-4959-BAF9-56503F2DB031}.Debug|Any CPU.Build.0 = Debug|Any CPU
		{15E22753-BB64-4959-BAF9-56503F2DB031}.Release|Any CPU.ActiveCfg = Release|Any CPU
		{15E22753-BB64-4959-BAF9-56503F2DB031}.Release|Any CPU.Build.0 = Release|Any CPU
	EndGlobalSection
	GlobalSection(SolutionProperties) = preSolution
		HideSolutionNode = FALSE
	EndGlobalSection
	GlobalSection(ExtensibilityGlobals) = postSolution
		SolutionGuid = {D4F5F977-D60C-476A-96EF-32FEDFC0408E}
	EndGlobalSection
EndGlobal
